
Microsoft Visual Studio Solution File, Format Version 12.00
# Visual Studio Version 17
VisualStudioVersion = 17.4.33213.308
MinimumVisualStudioVersion = 10.0.40219.1
Project("{9A19103F-16F7-4668-BE54-9A1E7A4F7556}") = "Core", "Core\Core.csproj", "{368B0896-9D4B-48C1-BA35-5BA443CC56A8}"
EndProject
Project("{FAE04EC0-301F-11D3-BF4B-00C04F79EFBC}") = "DataAccess", "DataAccess\DataAccess.csproj", "{9DB7F8AF-A2EF-4CB5-96F4-CEC25EA8A4DD}"
EndProject
Project("{FAE04EC0-301F-11D3-BF4B-00C04F79EFBC}") = "Entities", "Entities\Entities.csproj", "{B6360CF2-1F88-4E8E-8DA9-8EA377773D51}"
EndProject
Project("{FAE04EC0-301F-11D3-BF4B-00C04F79EFBC}") = "Business", "Business\Business.csproj", "{6061A187-7988-4E60-9E8B-1A7324A49540}"
EndProject
Project("{FAE04EC0-301F-11D3-BF4B-00C04F79EFBC}") = "Api", "Api\Api.csproj", "{DA235395-7742-4875-BF45-0B26E55C84A7}"
EndProject
Global
	GlobalSection(SolutionConfigurationPlatforms) = preSolution
		Debug|Any CPU = Debug|Any CPU
		Release|Any CPU = Release|Any CPU
	EndGlobalSection
	GlobalSection(ProjectConfigurationPlatforms) = postSolution
		{368B0896-9D4B-48C1-BA35-5BA443CC56A8}.Debug|Any CPU.ActiveCfg = Debug|Any CPU
		{368B0896-9D4B-48C1-BA35-5BA443CC56A8}.Debug|Any CPU.Build.0 = Debug|Any CPU
		{368B0896-9D4B-48C1-BA35-5BA443CC56A8}.Release|Any CPU.ActiveCfg = Release|Any CPU
		{368B0896-9D4B-48C1-BA35-5BA443CC56A8}.Release|Any CPU.Build.0 = Release|Any CPU
		{9DB7F8AF-A2EF-4CB5-96F4-CEC25EA8A4DD}.Debug|Any CPU.ActiveCfg = Debug|Any CPU
		{9DB7F8AF-A2EF-4CB5-96F4-CEC25EA8A4DD}.Debug|Any CPU.Build.0 = Debug|Any CPU
		{9DB7F8AF-A2EF-4CB5-96F4-CEC25EA8A4DD}.Release|Any CPU.ActiveCfg = Release|Any CPU
		{9DB7F8AF-A2EF-4CB5-96F4-CEC25EA8A4DD}.Release|Any CPU.Build.0 = Release|Any CPU
		{B6360CF2-1F88-4E8E-8DA9-8EA377773D51}.Debug|Any CPU.ActiveCfg = Debug|Any CPU
		{B6360CF2-1F88-4E8E-8DA9-8EA377773D51}.Debug|Any CPU.Build.0 = Debug|Any CPU
		{B6360CF2-1F88-4E8E-8DA9-8EA377773D51}.Release|Any CPU.ActiveCfg = Release|Any CPU
		{B6360CF2-1F88-4E8E-8DA9-8EA377773D51}.Release|Any CPU.Build.0 = Release|Any CPU
		{6061A187-7988-4E60-9E8B-1A7324A49540}.Debug|Any CPU.ActiveCfg = Debug|Any CPU
		{6061A187-7988-4E60-9E8B-1A7324A49540}.Debug|Any CPU.Build.0 = Debug|Any CPU
		{6061A187-7988-4E60-9E8B-1A7324A49540}.Release|Any CPU.ActiveCfg = Release|Any CPU
		{6061A187-7988-4E60-9E8B-1A7324A49540}.Release|Any CPU.Build.0 = Release|Any CPU
		{DA235395-7742-4875-BF45-0B26E55C84A7}.Debug|Any CPU.ActiveCfg = Debug|Any CPU
		{DA235395-7742-4875-BF45-0B26E55C84A7}.Debug|Any CPU.Build.0 = Debug|Any CPU
		{DA235395-7742-4875-BF45-0B26E55C84A7}.Release|Any CPU.ActiveCfg = Release|Any CPU
		{DA235395-7742-4875-BF45-0B26E55C84A7}.Release|Any CPU.Build.0 = Release|Any CPU
	EndGlobalSection
	GlobalSection(SolutionProperties) = preSolution
		HideSolutionNode = FALSE
	EndGlobalSection
	GlobalSection(ExtensibilityGlobals) = postSolution
		SolutionGuid = {EB2D1B57-33A7-41B7-A043-7FE5D8216483}
	EndGlobalSection
EndGlobal
